
Microsoft Visual Studio Solution File, Format Version 12.00
# Visual Studio Version 17
VisualStudioVersion = 17.8.34330.188
MinimumVisualStudioVersion = 10.0.40219.1
Project("{9A19103F-16F7-4668-BE54-9A1E7A4F7556}") = "FindFoodTrucksWebApp", "FindFoodTrucksWebApp.csproj", "{334311A6-CEA1-4132-AFD8-5581DA73905D}"
EndProject
Project("{FAE04EC0-301F-11D3-BF4B-00C04F79EFBC}") = "FindFoodTracksWebApi.Test", "..\FindFoodTracksWebApi.Test\FindFoodTracksWebApi.Test.csproj", "{3C530AC5-BD69-4E9D-BB56-1FE67D46BA6D}"
EndProject
Global
	GlobalSection(SolutionConfigurationPlatforms) = preSolution
		Debug|Any CPU = Debug|Any CPU
		Release|Any CPU = Release|Any CPU
	EndGlobalSection
	GlobalSection(ProjectConfigurationPlatforms) = postSolution
		{334311A6-CEA1-4132-AFD8-5581DA73905D}.Debug|Any CPU.ActiveCfg = Debug|Any CPU
		{334311A6-CEA1-4132-AFD8-5581DA73905D}.Debug|Any CPU.Build.0 = Debug|Any CPU
		{334311A6-CEA1-4132-AFD8-5581DA73905D}.Release|Any CPU.ActiveCfg = Release|Any CPU
		{334311A6-CEA1-4132-AFD8-5581DA73905D}.Release|Any CPU.Build.0 = Release|Any CPU
		{3C530AC5-BD69-4E9D-BB56-1FE67D46BA6D}.Debug|Any CPU.ActiveCfg = Debug|Any CPU
		{3C530AC5-BD69-4E9D-BB56-1FE67D46BA6D}.Debug|Any CPU.Build.0 = Debug|Any CPU
		{3C530AC5-BD69-4E9D-BB56-1FE67D46BA6D}.Release|Any CPU.ActiveCfg = Release|Any CPU
		{3C530AC5-BD69-4E9D-BB56-1FE67D46BA6D}.Release|Any CPU.Build.0 = Release|Any CPU
	EndGlobalSection
	GlobalSection(SolutionProperties) = preSolution
		HideSolutionNode = FALSE
	EndGlobalSection
	GlobalSection(ExtensibilityGlobals) = postSolution
		SolutionGuid = {37FB424B-2C23-461D-867C-3BF033657EA6}
	EndGlobalSection
EndGlobal
