
Microsoft Visual Studio Solution File, Format Version 12.00
# Visual Studio Version 17
VisualStudioVersion = 17.8.34330.188
MinimumVisualStudioVersion = 10.0.40219.1
Project("{FAE04EC0-301F-11D3-BF4B-00C04F79EFBC}") = "FindFoodTrucksWebApp", "FindFoodTrucksWebApp.csproj", "{334311A6-CEA1-4132-AFD8-5581DA73905D}"
EndProject
Global
	GlobalSection(SolutionConfigurationPlatforms) = preSolution
		Debug|Any CPU = Debug|Any CPU
		Release|Any CPU = Release|Any CPU
	EndGlobalSection
	GlobalSection(ProjectConfigurationPlatforms) = postSolution
		{334311A6-CEA1-4132-AFD8-5581DA73905D}.Debug|Any CPU.ActiveCfg = Debug|Any CPU
		{334311A6-CEA1-4132-AFD8-5581DA73905D}.Debug|Any CPU.Build.0 = Debug|Any CPU
		{334311A6-CEA1-4132-AFD8-5581DA73905D}.Release|Any CPU.ActiveCfg = Release|Any CPU
		{334311A6-CEA1-4132-AFD8-5581DA73905D}.Release|Any CPU.Build.0 = Release|Any CPU
	EndGlobalSection
	GlobalSection(SolutionProperties) = preSolution
		HideSolutionNode = FALSE
	EndGlobalSection
	GlobalSection(ExtensibilityGlobals) = postSolution
		SolutionGuid = {37FB424B-2C23-461D-867C-3BF033657EA6}
	EndGlobalSection
EndGlobal
